
Microsoft Visual Studio Solution File, Format Version 12.00
# Visual Studio 2012
Project("{FAE04EC0-301F-11D3-BF4B-00C04F79EFBC}") = "FfCmS.Test.Unit", "FfCmS.Test.Unit\FfCmS.Test.Unit.csproj", "{A20AC451-C4ED-4C1D-BDD3-979127FDF5CD}"
EndProject
Project("{FAE04EC0-301F-11D3-BF4B-00C04F79EFBC}") = "FfCmS", "FfCmS\FfCmS.csproj", "{4F40FE47-9D3F-4B22-B7F6-584544C734E2}"
EndProject
Project("{2150E333-8FDC-42A3-9474-1A3956D46DE8}") = ".nuget", ".nuget", "{0434F378-CA32-465C-95E3-6FDACC6CFBAF}"
	ProjectSection(SolutionItems) = preProject
		.nuget\NuGet.Config = .nuget\NuGet.Config
		.nuget\NuGet.exe = .nuget\NuGet.exe
		.nuget\NuGet.targets = .nuget\NuGet.targets
	EndProjectSection
EndProject
Global
	GlobalSection(SolutionConfigurationPlatforms) = preSolution
		Debug|Any CPU = Debug|Any CPU
		Release|Any CPU = Release|Any CPU
	EndGlobalSection
	GlobalSection(ProjectConfigurationPlatforms) = postSolution
		{A20AC451-C4ED-4C1D-BDD3-979127FDF5CD}.Debug|Any CPU.ActiveCfg = Debug|Any CPU
		{A20AC451-C4ED-4C1D-BDD3-979127FDF5CD}.Debug|Any CPU.Build.0 = Debug|Any CPU
		{A20AC451-C4ED-4C1D-BDD3-979127FDF5CD}.Release|Any CPU.ActiveCfg = Release|Any CPU
		{A20AC451-C4ED-4C1D-BDD3-979127FDF5CD}.Release|Any CPU.Build.0 = Release|Any CPU
		{4F40FE47-9D3F-4B22-B7F6-584544C734E2}.Debug|Any CPU.ActiveCfg = Debug|Any CPU
		{4F40FE47-9D3F-4B22-B7F6-584544C734E2}.Debug|Any CPU.Build.0 = Debug|Any CPU
		{4F40FE47-9D3F-4B22-B7F6-584544C734E2}.Release|Any CPU.ActiveCfg = Release|Any CPU
		{4F40FE47-9D3F-4B22-B7F6-584544C734E2}.Release|Any CPU.Build.0 = Release|Any CPU
	EndGlobalSection
	GlobalSection(SolutionProperties) = preSolution
		HideSolutionNode = FALSE
	EndGlobalSection
EndGlobal
